
Microsoft Visual Studio Solution File, Format Version 12.00
# Visual Studio 15
VisualStudioVersion = 15.0.28307.1800
MinimumVisualStudioVersion = 10.0.40219.1
Project("{159641D6-6404-4A2A-AE62-294DE0FE8301}") = "RosterManagement", "RosterManagement\RosterManagement.dtproj", "{9300D335-1C22-40D2-A3E4-FAD114C4BEF0}"
EndProject
Global
	GlobalSection(SolutionConfigurationPlatforms) = preSolution
		Development|Default = Development|Default
	EndGlobalSection
	GlobalSection(ProjectConfigurationPlatforms) = postSolution
		{9300D335-1C22-40D2-A3E4-FAD114C4BEF0}.Development|Default.ActiveCfg = Development
		{9300D335-1C22-40D2-A3E4-FAD114C4BEF0}.Development|Default.Build.0 = Development
	EndGlobalSection
	GlobalSection(SolutionProperties) = preSolution
		HideSolutionNode = FALSE
	EndGlobalSection
	GlobalSection(ExtensibilityGlobals) = postSolution
		SolutionGuid = {E98E0624-5D9E-4A64-B64F-BA6BF68A0221}
	EndGlobalSection
EndGlobal
