
Microsoft Visual Studio Solution File, Format Version 12.00
# Visual Studio Version 16
VisualStudioVersion = 16.0.32407.337
MinimumVisualStudioVersion = 10.0.40219.1
Project("{00D1A9C2-B5F0-4AF3-8072-F6C62B433612}") = "BrokerCommissionsDataProject", "BrokerCommissionsDataProject.sqlproj", "{391DF0E1-4441-4CD4-90B0-499963B82FD4}"
EndProject
Global
	GlobalSection(SolutionConfigurationPlatforms) = preSolution
		Debug|Any CPU = Debug|Any CPU
		Release|Any CPU = Release|Any CPU
	EndGlobalSection
	GlobalSection(ProjectConfigurationPlatforms) = postSolution
		{391DF0E1-4441-4CD4-90B0-499963B82FD4}.Debug|Any CPU.ActiveCfg = Debug|Any CPU
		{391DF0E1-4441-4CD4-90B0-499963B82FD4}.Debug|Any CPU.Build.0 = Debug|Any CPU
		{391DF0E1-4441-4CD4-90B0-499963B82FD4}.Debug|Any CPU.Deploy.0 = Debug|Any CPU
		{391DF0E1-4441-4CD4-90B0-499963B82FD4}.Release|Any CPU.ActiveCfg = Release|Any CPU
		{391DF0E1-4441-4CD4-90B0-499963B82FD4}.Release|Any CPU.Build.0 = Release|Any CPU
		{391DF0E1-4441-4CD4-90B0-499963B82FD4}.Release|Any CPU.Deploy.0 = Release|Any CPU
	EndGlobalSection
	GlobalSection(SolutionProperties) = preSolution
		HideSolutionNode = FALSE
	EndGlobalSection
	GlobalSection(ExtensibilityGlobals) = postSolution
		SolutionGuid = {7391B327-FAC5-40B8-A451-023BC8280468}
	EndGlobalSection
EndGlobal
