
Microsoft Visual Studio Solution File, Format Version 12.00
# Visual Studio Version 16
VisualStudioVersion = 16.0.32407.337
MinimumVisualStudioVersion = 10.0.40219.1
Project("{FAE04EC0-301F-11D3-BF4B-00C04F79EFBC}") = "Broker_Commission", "Broker_Commission\Broker_Commission.csproj", "{90733F9E-0EBB-40E7-A646-C789CEC8270D}"
EndProject
Project("{159641D6-6404-4A2A-AE62-294DE0FE8301}") = "BrokerCommissionSSIS", "..\BrokerCommissionSSIS\BrokerCommissionSSIS\BrokerCommissionSSIS.dtproj", "{3AE2AAFB-73E9-40C8-872C-760A77343732}"
EndProject
Global
	GlobalSection(SolutionConfigurationPlatforms) = preSolution
		Debug|Any CPU = Debug|Any CPU
		Development|Any CPU = Development|Any CPU
		Release|Any CPU = Release|Any CPU
	EndGlobalSection
	GlobalSection(ProjectConfigurationPlatforms) = postSolution
		{90733F9E-0EBB-40E7-A646-C789CEC8270D}.Debug|Any CPU.ActiveCfg = Debug|Any CPU
		{90733F9E-0EBB-40E7-A646-C789CEC8270D}.Debug|Any CPU.Build.0 = Debug|Any CPU
		{90733F9E-0EBB-40E7-A646-C789CEC8270D}.Development|Any CPU.ActiveCfg = Debug|Any CPU
		{90733F9E-0EBB-40E7-A646-C789CEC8270D}.Development|Any CPU.Build.0 = Debug|Any CPU
		{90733F9E-0EBB-40E7-A646-C789CEC8270D}.Release|Any CPU.ActiveCfg = Release|Any CPU
		{90733F9E-0EBB-40E7-A646-C789CEC8270D}.Release|Any CPU.Build.0 = Release|Any CPU
		{3AE2AAFB-73E9-40C8-872C-760A77343732}.Debug|Any CPU.ActiveCfg = Development
		{3AE2AAFB-73E9-40C8-872C-760A77343732}.Debug|Any CPU.Build.0 = Development
		{3AE2AAFB-73E9-40C8-872C-760A77343732}.Development|Any CPU.ActiveCfg = Development
		{3AE2AAFB-73E9-40C8-872C-760A77343732}.Development|Any CPU.Build.0 = Development
		{3AE2AAFB-73E9-40C8-872C-760A77343732}.Release|Any CPU.ActiveCfg = Development
		{3AE2AAFB-73E9-40C8-872C-760A77343732}.Release|Any CPU.Build.0 = Development
	EndGlobalSection
	GlobalSection(SolutionProperties) = preSolution
		HideSolutionNode = FALSE
	EndGlobalSection
	GlobalSection(ExtensibilityGlobals) = postSolution
		SolutionGuid = {D3AD3E8D-9F6E-4F4A-82E0-17D86002F5AC}
	EndGlobalSection
EndGlobal
